<?xml version="1.0" encoding="utf-8"?>
<Project ToolsVersion="4.0" xmlns="http://schemas.microsoft.com/developer/msbuild/2003">
  <ItemGroup>
    <Filter Include="Source Files">
      <UniqueIdentifier>{4FC737F1-C7A5-4376-A066-2A32D752A2FF}</UniqueIdentifier>
      <Extensions>cpp;c;cc;cxx;def;odl;idl;hpj;bat;asm;asmx</Extensions>
    </Filter>
    <Filter Include="Header Files">
      <UniqueIdentifier>{93995380-89BD-4b04-88EB-625FBE52EBFB}</UniqueIdentifier>
      <Extensions>h;hh;hpp;hxx;hm;inl;inc;ipp;xsd</Extensions>
    </Filter>
    <Filter Include="Resource Files">
      <UniqueIdentifier>{67DA6AB6-F800-4c08-8B7A-83BB121AAD01}</UniqueIdentifier>
      <Extensions>rc;ico;cur;bmp;dlg;rc2;rct;bin;rgs;gif;jpg;jpeg;jpe;resx;tiff;tif;png;wav;mfcribbon-ms</Extensions>
    </Filter>
  </ItemGroup>
  <ItemGroup>
    <ClCompile Include="main.cpp">
      <Filter>Source Files</Filter>
    </ClCompile>
    <ClCompile Include="emu6502.cpp">
      <Filter>Source Files</Filter>
    </ClCompile>
    <ClCompile Include="emuc64.cpp">
      <Filter>Source Files</Filter>
    </ClCompile>
    <ClCompile Include="cbmconsole.cpp">
      <Filter>Source Files</Filter>
    </ClCompile>
    <ClCompile Include="gettimeofday.c">
      <Filter>Source Files</Filter>
    </ClCompile>
    <ClCompile Include="emud64.cpp">
      <Filter>Source Files</Filter>
    </ClCompile>
    <ClCompile Include="emucbm.cpp">
      <Filter>Source Files</Filter>
    </ClCompile>
    <ClCompile Include="emuc128.cpp">
      <Filter>Source Files</Filter>
    </ClCompile>
    <ClCompile Include="emuted.cpp">
      <Filter>Source Files</Filter>
    </ClCompile>
    <ClCompile Include="emuvic20.cpp">
      <Filter>Source Files</Filter>
    </ClCompile>
    <ClCompile Include="emupet.cpp">
      <Filter>Source Files</Filter>
    </ClCompile>
    <ClCompile Include="emutest.cpp">
      <Filter>Source Files</Filter>
    </ClCompile>
    <ClCompile Include="emumin.cpp">
      <Filter>Source Files</Filter>
    </ClCompile>
    <ClCompile Include="m6850.h">
      <Filter>Header Files</Filter>
    </ClCompile>
    <ClCompile Include="m6850.cpp">
      <Filter>Source Files</Filter>
    </ClCompile>
  </ItemGroup>
  <ItemGroup>
    <ClInclude Include="emu6502.h">
      <Filter>Header Files</Filter>
    </ClInclude>
    <ClInclude Include="cbmconsole.h">
      <Filter>Header Files</Filter>
    </ClInclude>
    <ClInclude Include="emuc64.h">
      <Filter>Header Files</Filter>
    </ClInclude>
    <ClInclude Include="emud64.h">
      <Filter>Header Files</Filter>
    </ClInclude>
    <ClInclude Include="emucbm.h">
      <Filter>Header Files</Filter>
    </ClInclude>
    <ClInclude Include="emuc128.h">
      <Filter>Header Files</Filter>
    </ClInclude>
    <ClInclude Include="emuted.h">
      <Filter>Header Files</Filter>
    </ClInclude>
    <ClInclude Include="emuvic20.h">
      <Filter>Header Files</Filter>
    </ClInclude>
    <ClInclude Include="emupet.h">
      <Filter>Header Files</Filter>
    </ClInclude>
    <ClInclude Include="emutest.h">
      <Filter>Header Files</Filter>
    </ClInclude>
    <ClInclude Include="emumin.h">
      <Filter>Header Files</Filter>
    </ClInclude>
  </ItemGroup>
</Project>