<?xml version="1.0" encoding="utf-8"?>
<Project ToolsVersion="4.0" xmlns="http://schemas.microsoft.com/developer/msbuild/2003">
  <ItemGroup>
    <ClCompile Include="windows\c-simple-emu6502-cbm.cpp" />
    <ClCompile Include="emu6502.cpp" />
    <ClCompile Include="emutest.cpp" />
    <ClCompile Include="start.cpp" />
  </ItemGroup>
  <ItemGroup>
    <ClInclude Include="windows\framework.h">
      <Filter>Includes</Filter>
    </ClInclude>
    <ClInclude Include="windows\targetver.h">
      <Filter>Includes</Filter>
    </ClInclude>
    <ClInclude Include="windows\c-simple-emu6502-cbm.h">
      <Filter>Includes</Filter>
    </ClInclude>
    <ClInclude Include="windows\Resource.h">
      <Filter>Includes</Filter>
    </ClInclude>
    <ClInclude Include="emu6502.h">
      <Filter>Includes</Filter>
    </ClInclude>
    <ClInclude Include="emutest.h">
      <Filter>Includes</Filter>
    </ClInclude>
  </ItemGroup>
  <ItemGroup>
    <Image Include="windows\c-simple-emu6502-cbm.ico">
      <Filter>Resources</Filter>
    </Image>
    <Image Include="windows\small.ico">
      <Filter>Resources</Filter>
    </Image>
  </ItemGroup>
  <ItemGroup>
    <Filter Include="Resources">
      <UniqueIdentifier>{fd9d56c5-e8d8-4b97-81d3-d356384d2f86}</UniqueIdentifier>
    </Filter>
    <Filter Include="Includes">
      <UniqueIdentifier>{9b5810cc-3830-4fe3-82fd-7e4354eb5829}</UniqueIdentifier>
    </Filter>
  </ItemGroup>
  <ItemGroup>
    <ResourceCompile Include="windows\c-simple-emu6502-cbm.rc">
      <Filter>Resources</Filter>
    </ResourceCompile>
  </ItemGroup>
</Project>