
Microsoft Visual Studio Solution File, Format Version 12.00
# Visual Studio Version 17
VisualStudioVersion = 17.9.34902.65
MinimumVisualStudioVersion = 10.0.40219.1
Project("{8BC9CEB8-8B4A-11D0-8D11-00A0C91BC942}") = "c-simple-emu6502-cbm", "c-simple-emu6502-cbm.vcxproj", "{84505131-7546-4441-95B5-315BB97DADC6}"
EndProject
Global
	GlobalSection(SolutionConfigurationPlatforms) = preSolution
		Debug|x64 = Debug|x64
		Debug|x86 = Debug|x86
		Release|x64 = Release|x64
		Release|x86 = Release|x86
	EndGlobalSection
	GlobalSection(ProjectConfigurationPlatforms) = postSolution
		{84505131-7546-4441-95B5-315BB97DADC6}.Debug|x64.ActiveCfg = Debug|x64
		{84505131-7546-4441-95B5-315BB97DADC6}.Debug|x64.Build.0 = Debug|x64
		{84505131-7546-4441-95B5-315BB97DADC6}.Debug|x86.ActiveCfg = Debug|Win32
		{84505131-7546-4441-95B5-315BB97DADC6}.Debug|x86.Build.0 = Debug|Win32
		{84505131-7546-4441-95B5-315BB97DADC6}.Release|x64.ActiveCfg = Release|x64
		{84505131-7546-4441-95B5-315BB97DADC6}.Release|x64.Build.0 = Release|x64
		{84505131-7546-4441-95B5-315BB97DADC6}.Release|x86.ActiveCfg = Release|Win32
		{84505131-7546-4441-95B5-315BB97DADC6}.Release|x86.Build.0 = Release|Win32
	EndGlobalSection
	GlobalSection(SolutionProperties) = preSolution
		HideSolutionNode = FALSE
	EndGlobalSection
	GlobalSection(ExtensibilityGlobals) = postSolution
		SolutionGuid = {3D041AAE-1A84-4C5C-9361-4416A067535B}
	EndGlobalSection
EndGlobal
