{
  "name": "browser-keyscan-helper",
  "lockfileVersion": 2,
  "requires": true,
  "packages": {
    "": {
      "dependencies": {
        "@types/dom-serial": "^1.0.3",
        "typescript": "^4.9.5"
      },
      "devDependencies": {
        "@types/w3c-web-serial": "^1.0.8"
      }
    },
    "node_modules/@types/dom-serial": {
      "version": "1.0.3",
      "resolved": "https://registry.npmjs.org/@types/dom-serial/-/dom-serial-1.0.3.tgz",
      "integrity": "sha512-iuuXTHSUQfosDJTN3AxTHfYtDZVehzAc07P0d6Y6/D0mNMoAzSQcAB8cf3glzH8MfMpZx8JDQv9C+PBpILVI3g=="
    },
    "node_modules/@types/w3c-web-serial": {
      "version": "1.0.8",
      "resolved": "https://registry.npmjs.org/@types/w3c-web-serial/-/w3c-web-serial-1.0.8.tgz",
      "integrity": "sha512-QQOT+bxQJhRGXoZDZGLs3ksLud1dMNnMiSQtBA0w8KXvLpXX4oM4TZb6J0GgJ8UbCaHo5s9/4VQT8uXy9JER2A==",
      "dev": true,
      "license": "MIT"
    },
    "node_modules/typescript": {
      "version": "4.9.5",
      "resolved": "https://registry.npmjs.org/typescript/-/typescript-4.9.5.tgz",
      "integrity": "sha512-1FXk9E2Hm+QzZQ7z+McJiHL4NW1F2EzMu9Nq9i3zAaGqibafqYwCVU6WyWAuyQRRzOlxou8xZSyXLEN8oKj24g==",
      "bin": {
        "tsc": "bin/tsc",
        "tsserver": "bin/tsserver"
      },
      "engines": {
        "node": ">=4.2.0"
      }
    }
  },
  "dependencies": {
    "@types/dom-serial": {
      "version": "1.0.3",
      "resolved": "https://registry.npmjs.org/@types/dom-serial/-/dom-serial-1.0.3.tgz",
      "integrity": "sha512-iuuXTHSUQfosDJTN3AxTHfYtDZVehzAc07P0d6Y6/D0mNMoAzSQcAB8cf3glzH8MfMpZx8JDQv9C+PBpILVI3g=="
    },
    "@types/w3c-web-serial": {
      "version": "1.0.8",
      "resolved": "https://registry.npmjs.org/@types/w3c-web-serial/-/w3c-web-serial-1.0.8.tgz",
      "integrity": "sha512-QQOT+bxQJhRGXoZDZGLs3ksLud1dMNnMiSQtBA0w8KXvLpXX4oM4TZb6J0GgJ8UbCaHo5s9/4VQT8uXy9JER2A==",
      "dev": true
    },
    "typescript": {
      "version": "4.9.5",
      "resolved": "https://registry.npmjs.org/typescript/-/typescript-4.9.5.tgz",
      "integrity": "sha512-1FXk9E2Hm+QzZQ7z+McJiHL4NW1F2EzMu9Nq9i3zAaGqibafqYwCVU6WyWAuyQRRzOlxou8xZSyXLEN8oKj24g=="
    }
  }
}
